
Microsoft Visual Studio Solution File, Format Version 12.00
# Visual Studio Version 17
VisualStudioVersion = 17.4.33122.133
MinimumVisualStudioVersion = 10.0.40219.1
Project("{9A19103F-16F7-4668-BE54-9A1E7A4F7556}") = "DictionaryToExcelWithTabSheets", "DictionaryToExcelWithTabSheets\DictionaryToExcelWithTabSheets.csproj", "{1726DC50-C61A-4A8C-9DC2-F32EE251132E}"
EndProject
Project("{FAE04EC0-301F-11D3-BF4B-00C04F79EFBC}") = "WebAPI", "WebAPI\WebAPI.csproj", "{AFE60501-DC3A-4083-96C6-5693AC8220A6}"
EndProject
Global
	GlobalSection(SolutionConfigurationPlatforms) = preSolution
		Debug|Any CPU = Debug|Any CPU
		Release|Any CPU = Release|Any CPU
	EndGlobalSection
	GlobalSection(ProjectConfigurationPlatforms) = postSolution
		{1726DC50-C61A-4A8C-9DC2-F32EE251132E}.Debug|Any CPU.ActiveCfg = Debug|Any CPU
		{1726DC50-C61A-4A8C-9DC2-F32EE251132E}.Debug|Any CPU.Build.0 = Debug|Any CPU
		{1726DC50-C61A-4A8C-9DC2-F32EE251132E}.Release|Any CPU.ActiveCfg = Release|Any CPU
		{1726DC50-C61A-4A8C-9DC2-F32EE251132E}.Release|Any CPU.Build.0 = Release|Any CPU
		{AFE60501-DC3A-4083-96C6-5693AC8220A6}.Debug|Any CPU.ActiveCfg = Debug|Any CPU
		{AFE60501-DC3A-4083-96C6-5693AC8220A6}.Debug|Any CPU.Build.0 = Debug|Any CPU
		{AFE60501-DC3A-4083-96C6-5693AC8220A6}.Release|Any CPU.ActiveCfg = Release|Any CPU
		{AFE60501-DC3A-4083-96C6-5693AC8220A6}.Release|Any CPU.Build.0 = Release|Any CPU
	EndGlobalSection
	GlobalSection(SolutionProperties) = preSolution
		HideSolutionNode = FALSE
	EndGlobalSection
	GlobalSection(ExtensibilityGlobals) = postSolution
		SolutionGuid = {46F34E3D-51CA-4139-8ED0-BA8606D77B43}
	EndGlobalSection
EndGlobal
